
Microsoft Visual Studio Solution File, Format Version 12.00
# Visual Studio Version 17
VisualStudioVersion = 17.1.32414.318
MinimumVisualStudioVersion = 10.0.40219.1
Project("{FAE04EC0-301F-11D3-BF4B-00C04F79EFBC}") = "Project1", "Project1\Project1.csproj", "{71F0C8B4-0115-443D-A206-C17199A09F36}"
EndProject
Global
	GlobalSection(SolutionConfigurationPlatforms) = preSolution
		Debug|Any CPU = Debug|Any CPU
		Release|Any CPU = Release|Any CPU
	EndGlobalSection
	GlobalSection(ProjectConfigurationPlatforms) = postSolution
		{71F0C8B4-0115-443D-A206-C17199A09F36}.Debug|Any CPU.ActiveCfg = Debug|Any CPU
		{71F0C8B4-0115-443D-A206-C17199A09F36}.Debug|Any CPU.Build.0 = Debug|Any CPU
		{71F0C8B4-0115-443D-A206-C17199A09F36}.Release|Any CPU.ActiveCfg = Release|Any CPU
		{71F0C8B4-0115-443D-A206-C17199A09F36}.Release|Any CPU.Build.0 = Release|Any CPU
	EndGlobalSection
	GlobalSection(SolutionProperties) = preSolution
		HideSolutionNode = FALSE
	EndGlobalSection
	GlobalSection(ExtensibilityGlobals) = postSolution
		SolutionGuid = {2F420576-F7A7-4156-9525-61413719F12E}
	EndGlobalSection
EndGlobal
